
Microsoft Visual Studio Solution File, Format Version 12.00
# Visual Studio 15
VisualStudioVersion = 15.0.27004.2009
MinimumVisualStudioVersion = 10.0.40219.1
Project("{FAE04EC0-301F-11D3-BF4B-00C04F79EFBC}") = "ApplicationA", "ApplicationA\ApplicationA.csproj", "{93BC5AFE-F17E-4882-8191-D5C44E0B3970}"
EndProject
Project("{FAE04EC0-301F-11D3-BF4B-00C04F79EFBC}") = "ApplicationB", "ApplicationB\ApplicationB.csproj", "{F8D066A5-BC1F-4A6C-92C2-B1EBEC7090E6}"
EndProject
Project("{2150E333-8FDC-42A3-9474-1A3956D46DE8}") = "Middleware", "Middleware", "{0E9CF2E7-81DD-4520-A2A2-C73CC8A53808}"
EndProject
Project("{FAE04EC0-301F-11D3-BF4B-00C04F79EFBC}") = "EndpointA.Receiver", "EndpointA.Receiver\EndpointA.Receiver.csproj", "{02EFF044-D2DF-4282-A6F2-CED8E900181F}"
EndProject
Project("{FAE04EC0-301F-11D3-BF4B-00C04F79EFBC}") = "EndpointB.Receiver", "EndpointB.Receiver\EndpointB.Receiver.csproj", "{8AECCA42-E1E5-4D61-AF0F-7101EF1E7F00}"
EndProject
Project("{2150E333-8FDC-42A3-9474-1A3956D46DE8}") = "ASMX-Services", "ASMX-Services", "{C362EA8E-B80D-45EB-B4FB-74C995BBCC4A}"
EndProject
Project("{FAE04EC0-301F-11D3-BF4B-00C04F79EFBC}") = "EndpointA.Facade", "ASMX-Services\EndpointA.Facade\EndpointA.Facade.csproj", "{2F531FE9-CE75-4941-A6D2-6B8D68746145}"
EndProject
Project("{FAE04EC0-301F-11D3-BF4B-00C04F79EFBC}") = "EndpointB.Facade", "ASMX-Services\EndpointB.Facade\EndpointB.Facade.csproj", "{CC18712D-C4C9-4AF9-8AA7-F1B0EF1ED740}"
EndProject
Project("{FAE04EC0-301F-11D3-BF4B-00C04F79EFBC}") = "EndpointA.Receiver.Messages", "EndpointA.Receiver.Messages\EndpointA.Receiver.Messages.csproj", "{B0042E02-FB70-4BA5-9F18-15D78608B22B}"
EndProject
Project("{FAE04EC0-301F-11D3-BF4B-00C04F79EFBC}") = "EndpointB.Receiver.Messages", "EndpointB.Receiver.Messages\EndpointB.Receiver.Messages.csproj", "{FD5AAB73-8F13-457A-B598-DE51E1DED377}"
EndProject
Global
	GlobalSection(SolutionConfigurationPlatforms) = preSolution
		Debug|Any CPU = Debug|Any CPU
		Release|Any CPU = Release|Any CPU
	EndGlobalSection
	GlobalSection(ProjectConfigurationPlatforms) = postSolution
		{93BC5AFE-F17E-4882-8191-D5C44E0B3970}.Debug|Any CPU.ActiveCfg = Debug|Any CPU
		{93BC5AFE-F17E-4882-8191-D5C44E0B3970}.Debug|Any CPU.Build.0 = Debug|Any CPU
		{93BC5AFE-F17E-4882-8191-D5C44E0B3970}.Release|Any CPU.ActiveCfg = Release|Any CPU
		{93BC5AFE-F17E-4882-8191-D5C44E0B3970}.Release|Any CPU.Build.0 = Release|Any CPU
		{F8D066A5-BC1F-4A6C-92C2-B1EBEC7090E6}.Debug|Any CPU.ActiveCfg = Debug|Any CPU
		{F8D066A5-BC1F-4A6C-92C2-B1EBEC7090E6}.Debug|Any CPU.Build.0 = Debug|Any CPU
		{F8D066A5-BC1F-4A6C-92C2-B1EBEC7090E6}.Release|Any CPU.ActiveCfg = Release|Any CPU
		{F8D066A5-BC1F-4A6C-92C2-B1EBEC7090E6}.Release|Any CPU.Build.0 = Release|Any CPU
		{02EFF044-D2DF-4282-A6F2-CED8E900181F}.Debug|Any CPU.ActiveCfg = Debug|Any CPU
		{02EFF044-D2DF-4282-A6F2-CED8E900181F}.Debug|Any CPU.Build.0 = Debug|Any CPU
		{02EFF044-D2DF-4282-A6F2-CED8E900181F}.Release|Any CPU.ActiveCfg = Release|Any CPU
		{02EFF044-D2DF-4282-A6F2-CED8E900181F}.Release|Any CPU.Build.0 = Release|Any CPU
		{8AECCA42-E1E5-4D61-AF0F-7101EF1E7F00}.Debug|Any CPU.ActiveCfg = Debug|Any CPU
		{8AECCA42-E1E5-4D61-AF0F-7101EF1E7F00}.Debug|Any CPU.Build.0 = Debug|Any CPU
		{8AECCA42-E1E5-4D61-AF0F-7101EF1E7F00}.Release|Any CPU.ActiveCfg = Release|Any CPU
		{8AECCA42-E1E5-4D61-AF0F-7101EF1E7F00}.Release|Any CPU.Build.0 = Release|Any CPU
		{2F531FE9-CE75-4941-A6D2-6B8D68746145}.Debug|Any CPU.ActiveCfg = Debug|Any CPU
		{2F531FE9-CE75-4941-A6D2-6B8D68746145}.Debug|Any CPU.Build.0 = Debug|Any CPU
		{2F531FE9-CE75-4941-A6D2-6B8D68746145}.Release|Any CPU.ActiveCfg = Release|Any CPU
		{2F531FE9-CE75-4941-A6D2-6B8D68746145}.Release|Any CPU.Build.0 = Release|Any CPU
		{CC18712D-C4C9-4AF9-8AA7-F1B0EF1ED740}.Debug|Any CPU.ActiveCfg = Debug|Any CPU
		{CC18712D-C4C9-4AF9-8AA7-F1B0EF1ED740}.Debug|Any CPU.Build.0 = Debug|Any CPU
		{CC18712D-C4C9-4AF9-8AA7-F1B0EF1ED740}.Release|Any CPU.ActiveCfg = Release|Any CPU
		{CC18712D-C4C9-4AF9-8AA7-F1B0EF1ED740}.Release|Any CPU.Build.0 = Release|Any CPU
		{B0042E02-FB70-4BA5-9F18-15D78608B22B}.Debug|Any CPU.ActiveCfg = Debug|Any CPU
		{B0042E02-FB70-4BA5-9F18-15D78608B22B}.Debug|Any CPU.Build.0 = Debug|Any CPU
		{B0042E02-FB70-4BA5-9F18-15D78608B22B}.Release|Any CPU.ActiveCfg = Release|Any CPU
		{B0042E02-FB70-4BA5-9F18-15D78608B22B}.Release|Any CPU.Build.0 = Release|Any CPU
		{FD5AAB73-8F13-457A-B598-DE51E1DED377}.Debug|Any CPU.ActiveCfg = Debug|Any CPU
		{FD5AAB73-8F13-457A-B598-DE51E1DED377}.Debug|Any CPU.Build.0 = Debug|Any CPU
		{FD5AAB73-8F13-457A-B598-DE51E1DED377}.Release|Any CPU.ActiveCfg = Release|Any CPU
		{FD5AAB73-8F13-457A-B598-DE51E1DED377}.Release|Any CPU.Build.0 = Release|Any CPU
	EndGlobalSection
	GlobalSection(SolutionProperties) = preSolution
		HideSolutionNode = FALSE
	EndGlobalSection
	GlobalSection(NestedProjects) = preSolution
		{02EFF044-D2DF-4282-A6F2-CED8E900181F} = {0E9CF2E7-81DD-4520-A2A2-C73CC8A53808}
		{8AECCA42-E1E5-4D61-AF0F-7101EF1E7F00} = {0E9CF2E7-81DD-4520-A2A2-C73CC8A53808}
		{2F531FE9-CE75-4941-A6D2-6B8D68746145} = {C362EA8E-B80D-45EB-B4FB-74C995BBCC4A}
		{CC18712D-C4C9-4AF9-8AA7-F1B0EF1ED740} = {C362EA8E-B80D-45EB-B4FB-74C995BBCC4A}
		{B0042E02-FB70-4BA5-9F18-15D78608B22B} = {0E9CF2E7-81DD-4520-A2A2-C73CC8A53808}
		{FD5AAB73-8F13-457A-B598-DE51E1DED377} = {0E9CF2E7-81DD-4520-A2A2-C73CC8A53808}
	EndGlobalSection
	GlobalSection(ExtensibilityGlobals) = postSolution
		SolutionGuid = {FE6407F7-008F-4697-8C5E-F75B15112B95}
	EndGlobalSection
EndGlobal
